
Microsoft Visual Studio Solution File, Format Version 12.00
# Visual Studio Version 16
VisualStudioVersion = 16.0.31313.79
MinimumVisualStudioVersion = 10.0.40219.1
Project("{FAE04EC0-301F-11D3-BF4B-00C04F79EFBC}") = "REST-API_ProiectUTCN", "REST-API_ProiectUTCN.csproj", "{32F69C87-AA10-45C2-8B6F-0D5ABF31DF5B}"
EndProject
Global
	GlobalSection(SolutionConfigurationPlatforms) = preSolution
		Debug|Any CPU = Debug|Any CPU
		Release|Any CPU = Release|Any CPU
	EndGlobalSection
	GlobalSection(ProjectConfigurationPlatforms) = postSolution
		{32F69C87-AA10-45C2-8B6F-0D5ABF31DF5B}.Debug|Any CPU.ActiveCfg = Debug|Any CPU
		{32F69C87-AA10-45C2-8B6F-0D5ABF31DF5B}.Debug|Any CPU.Build.0 = Debug|Any CPU
		{32F69C87-AA10-45C2-8B6F-0D5ABF31DF5B}.Release|Any CPU.ActiveCfg = Release|Any CPU
		{32F69C87-AA10-45C2-8B6F-0D5ABF31DF5B}.Release|Any CPU.Build.0 = Release|Any CPU
	EndGlobalSection
	GlobalSection(SolutionProperties) = preSolution
		HideSolutionNode = FALSE
	EndGlobalSection
	GlobalSection(ExtensibilityGlobals) = postSolution
		SolutionGuid = {34FD1D88-316C-4DDC-9820-24B5A62B86A8}
	EndGlobalSection
EndGlobal
